
Microsoft Visual Studio Solution File, Format Version 12.00
# Visual Studio Version 17
VisualStudioVersion = 17.11.35222.181
MinimumVisualStudioVersion = 10.0.40219.1
Project("{FAE04EC0-301F-11D3-BF4B-00C04F79EFBC}") = "ExporableAreasConsoleDemo", "ExporableAreasConsoleDemo\ExporableAreasConsoleDemo.csproj", "{47C71E61-D0EA-4FE3-82E3-50A428772958}"
EndProject
Global
	GlobalSection(SolutionConfigurationPlatforms) = preSolution
		Debug|Any CPU = Debug|Any CPU
		Release|Any CPU = Release|Any CPU
	EndGlobalSection
	GlobalSection(ProjectConfigurationPlatforms) = postSolution
		{47C71E61-D0EA-4FE3-82E3-50A428772958}.Debug|Any CPU.ActiveCfg = Debug|Any CPU
		{47C71E61-D0EA-4FE3-82E3-50A428772958}.Debug|Any CPU.Build.0 = Debug|Any CPU
		{47C71E61-D0EA-4FE3-82E3-50A428772958}.Release|Any CPU.ActiveCfg = Release|Any CPU
		{47C71E61-D0EA-4FE3-82E3-50A428772958}.Release|Any CPU.Build.0 = Release|Any CPU
	EndGlobalSection
	GlobalSection(SolutionProperties) = preSolution
		HideSolutionNode = FALSE
	EndGlobalSection
	GlobalSection(ExtensibilityGlobals) = postSolution
		SolutionGuid = {33FA16D5-1EC0-44FC-9E23-855323CC97C7}
	EndGlobalSection
EndGlobal
